PODS:
  - BigInt (3.1.0):
    - SipHash (~> 1.2)
  - CryptoSwift (0.12.0)
  - SipHash (1.2.2)
  - SnapKit (4.0.0)
  - SwiftLint (0.27.0)
  - TrezorCryptoEd25519WithBlake2b (0.0.1)
  - Vite_HDWalletKit (1.1.0):
    - BigInt (~> 3.0)
    - CryptoSwift (~> 0.12.0)
    - TrezorCryptoEd25519WithBlake2b (~> 0.0.1)

DEPENDENCIES:
  - SnapKit
  - SwiftLint
  - Vite_HDWalletKit (from `../`)

SPEC REPOS:
  https://github.com/cocoapods/specs.git:
    - BigInt
    - CryptoSwift
    - SipHash
    - SnapKit
    - SwiftLint
    - TrezorCryptoEd25519WithBlake2b

EXTERNAL SOURCES:
  Vite_HDWalletKit:
    :path: "../"

SPEC CHECKSUMS:
  BigInt: 76b5dfdfa3e2e478d4ffdf161aeede5502e2742f
  CryptoSwift: 1c07ca50843dd48bc54e6ea53d7a4dba3b645716
  SipHash: fad90a4683e420c52ef28063063dbbce248ea6d4
  SnapKit: a42d492c16e80209130a3379f73596c3454b7694
  SwiftLint: 3207c1faa2240bf8973b191820a116113cd11073
  TrezorCryptoEd25519WithBlake2b: e70fc022094a2f2aa8b86117ab1085d7a7b62098
  Vite_HDWalletKit: 8b4504f69733f67ffd733f017d6668520eb04006

PODFILE CHECKSUM: aa6cfff620475c3bca28842a0116007aea4476de

COCOAPODS: 1.5.3
